{
  "version": 4,
  "terraform_version": "1.2.2",
  "serial": 41,
  "lineage": "a57d3afc-a3ea-c1d2-fc0e-0a5c1390b1c5",
  "outputs": {},
  "resources": [
    {
      "mode": "data",
      "type": "aws_availability_zones",
      "name": "available",
      "provider": "provider[\"registry.terraform.io/hashicorp/aws\"]",
      "instances": [
        {
          "schema_version": 0,
          "attributes": {
            "all_availability_zones": null,
            "exclude_names": null,
            "exclude_zone_ids": null,
            "filter": null,
            "group_names": [
              "us-east-1"
            ],
            "id": "us-east-1",
            "names": [
              "us-east-1a",
              "us-east-1b",
              "us-east-1c",
              "us-east-1d",
              "us-east-1e",
              "us-east-1f"
            ],
            "state": null,
            "zone_ids": [
              "use1-az6",
              "use1-az1",
              "use1-az2",
              "use1-az4",
              "use1-az3",
              "use1-az5"
            ]
          },
          "sensitive_attributes": []
        }
      ]
    },
    {
      "mode": "data",
      "type": "databricks_aws_assume_role_policy",
      "name": "this",
      "provider": "provider[\"registry.terraform.io/databricks/databricks\"]",
      "instances": [
        {
          "schema_version": 0,
          "attributes": {
            "databricks_account_id": "414351767826",
            "external_id": "9fa0fdc2-a528-467f-80ce-fdf2feb8739b",
            "for_log_delivery": false,
            "id": "9fa0fdc2-a528-467f-80ce-fdf2feb8739b",
            "json": "{\n  \"Version\": \"2012-10-17\",\n  \"Statement\": [\n    {\n      \"Effect\": \"Allow\",\n      \"Action\": \"sts:AssumeRole\",\n      \"Principal\": {\n        \"AWS\": \"arn:aws:iam::414351767826:root\"\n      },\n      \"Condition\": {\n        \"StringEquals\": {\n          \"sts:ExternalId\": \"9fa0fdc2-a528-467f-80ce-fdf2feb8739b\"\n        }\n      }\n    }\n  ]\n}"
          },
          "sensitive_attributes": []
        }
      ]
    },
    {
      "mode": "data",
      "type": "databricks_aws_bucket_policy",
      "name": "this",
      "provider": "provider[\"registry.terraform.io/databricks/databricks\"]",
      "instances": [
        {
          "schema_version": 0,
          "attributes": {
            "bucket": "demo-poe480-rootbucket",
            "databricks_account_id": "414351767826",
            "full_access_role": null,
            "id": "demo-poe480-rootbucket",
            "json": "{\n  \"Version\": \"2012-10-17\",\n  \"Statement\": [\n    {\n      \"Effect\": \"Allow\",\n      \"Action\": [\n        \"s3:GetObject\",\n        \"s3:GetObjectVersion\",\n        \"s3:PutObject\",\n        \"s3:DeleteObject\",\n        \"s3:ListBucket\",\n        \"s3:GetBucketLocation\"\n      ],\n      \"Resource\": [\n        \"arn:aws:s3:::demo-poe480-rootbucket/*\",\n        \"arn:aws:s3:::demo-poe480-rootbucket\"\n      ],\n      \"Principal\": {\n        \"AWS\": \"arn:aws:iam::414351767826:root\"\n      }\n    }\n  ]\n}"
          },
          "sensitive_attributes": []
        }
      ]
    },
    {
      "mode": "data",
      "type": "databricks_aws_crossaccount_policy",
      "name": "this",
      "provider": "provider[\"registry.terraform.io/databricks/databricks\"]",
      "instances": [
        {
          "schema_version": 0,
          "attributes": {
            "id": "cross-account",
            "json": "{\n  \"Version\": \"2012-10-17\",\n  \"Statement\": [\n    {\n      \"Effect\": \"Allow\",\n      \"Action\": [\n        \"ec2:AssociateDhcpOptions\",\n        \"ec2:AssociateIamInstanceProfile\",\n        \"ec2:AssociateRouteTable\",\n        \"ec2:AttachInternetGateway\",\n        \"ec2:AttachVolume\",\n        \"ec2:AuthorizeSecurityGroupEgress\",\n        \"ec2:AuthorizeSecurityGroupIngress\",\n        \"ec2:CancelSpotInstanceRequests\",\n        \"ec2:CreateDhcpOptions\",\n        \"ec2:CreateInternetGateway\",\n        \"ec2:CreateKeyPair\",\n        \"ec2:CreateRoute\",\n        \"ec2:CreateSecurityGroup\",\n        \"ec2:CreateSubnet\",\n        \"ec2:CreateTags\",\n        \"ec2:CreateVolume\",\n        \"ec2:CreateVpc\",\n        \"ec2:DeleteInternetGateway\",\n        \"ec2:DeleteKeyPair\",\n        \"ec2:DeleteRoute\",\n        \"ec2:DeleteRouteTable\",\n        \"ec2:DeleteSecurityGroup\",\n        \"ec2:DeleteSubnet\",\n        \"ec2:DeleteTags\",\n        \"ec2:DeleteVolume\",\n        \"ec2:DeleteVpc\",\n        \"ec2:DescribeAvailabilityZones\",\n        \"ec2:DescribeNetworkAcls\",\n        \"ec2:DescribeInternetGateways\",\n        \"ec2:DescribeVpcAttribute\",\n        \"ec2:DescribeIamInstanceProfileAssociations\",\n        \"ec2:DescribeInstanceStatus\",\n        \"ec2:DescribeInstances\",\n        \"ec2:DescribePrefixLists\",\n        \"ec2:DescribeReservedInstancesOfferings\",\n        \"ec2:DescribeRouteTables\",\n        \"ec2:DescribeSecurityGroups\",\n        \"ec2:DescribeSpotInstanceRequests\",\n        \"ec2:DescribeSpotPriceHistory\",\n        \"ec2:DescribeSubnets\",\n        \"ec2:DescribeVolumes\",\n        \"ec2:DescribeVpcs\",\n        \"ec2:DetachInternetGateway\",\n        \"ec2:DisassociateIamInstanceProfile\",\n        \"ec2:ModifyVpcAttribute\",\n        \"ec2:ReplaceIamInstanceProfileAssociation\",\n        \"ec2:RequestSpotInstances\",\n        \"ec2:RevokeSecurityGroupEgress\",\n        \"ec2:RevokeSecurityGroupIngress\",\n        \"ec2:RunInstances\",\n        \"ec2:TerminateInstances\",\n        \"ec2:CreatePlacementGroup\",\n        \"ec2:DeletePlacementGroup\",\n        \"ec2:DescribePlacementGroups\",\n        \"ec2:AllocateAddress\",\n        \"ec2:CreateNatGateway\",\n        \"ec2:CreateRouteTable\",\n        \"ec2:CreateVpcEndpoint\",\n        \"ec2:DeleteDhcpOptions\",\n        \"ec2:DeleteNatGateway\",\n        \"ec2:DeleteVpcEndpoints\",\n        \"ec2:DescribeNatGateways\",\n        \"ec2:DisassociateRouteTable\",\n        \"ec2:ReleaseAddress\",\n        \"ec2:DetachVolume\"\n      ],\n      \"Resource\": \"*\"\n    },\n    {\n      \"Effect\": \"Allow\",\n      \"Action\": [\n        \"iam:CreateServiceLinkedRole\",\n        \"iam:PutRolePolicy\"\n      ],\n      \"Resource\": \"arn:aws:iam::*:role/aws-service-role/spot.amazonaws.com/AWSServiceRoleForEC2Spot\",\n      \"Condition\": {\n        \"StringLike\": {\n          \"iam:AWSServiceName\": \"spot.amazonaws.com\"\n        }\n      }\n    }\n  ]\n}",
            "pass_roles": null
          },
          "sensitive_attributes": []
        }
      ]
    },
    {
      "mode": "managed",
      "type": "aws_iam_role",
      "name": "cross_account_role",
      "provider": "provider[\"registry.terraform.io/hashicorp/aws\"]",
      "instances": [
        {
          "schema_version": 0,
          "attributes": {
            "arn": "arn:aws:iam::326966843658:role/demo-poe480-crossaccount",
            "assume_role_policy": "{\"Version\":\"2012-10-17\",\"Statement\":[{\"Effect\":\"Allow\",\"Principal\":{\"AWS\":\"arn:aws:iam::414351767826:root\"},\"Action\":\"sts:AssumeRole\",\"Condition\":{\"StringEquals\":{\"sts:ExternalId\":\"9fa0fdc2-a528-467f-80ce-fdf2feb8739b\"}}}]}",
            "create_date": "2022-06-27T14:06:28Z",
            "description": "",
            "force_detach_policies": false,
            "id": "demo-poe480-crossaccount",
            "inline_policy": [
              {
                "name": "demo-poe480-policy",
                "policy": "{\n  \"Version\": \"2012-10-17\",\n  \"Statement\": [\n    {\n      \"Effect\": \"Allow\",\n      \"Action\": [\n        \"ec2:AssociateDhcpOptions\",\n        \"ec2:AssociateIamInstanceProfile\",\n        \"ec2:AssociateRouteTable\",\n        \"ec2:AttachInternetGateway\",\n        \"ec2:AttachVolume\",\n        \"ec2:AuthorizeSecurityGroupEgress\",\n        \"ec2:AuthorizeSecurityGroupIngress\",\n        \"ec2:CancelSpotInstanceRequests\",\n        \"ec2:CreateDhcpOptions\",\n        \"ec2:CreateInternetGateway\",\n        \"ec2:CreateKeyPair\",\n        \"ec2:CreateRoute\",\n        \"ec2:CreateSecurityGroup\",\n        \"ec2:CreateSubnet\",\n        \"ec2:CreateTags\",\n        \"ec2:CreateVolume\",\n        \"ec2:CreateVpc\",\n        \"ec2:DeleteInternetGateway\",\n        \"ec2:DeleteKeyPair\",\n        \"ec2:DeleteRoute\",\n        \"ec2:DeleteRouteTable\",\n        \"ec2:DeleteSecurityGroup\",\n        \"ec2:DeleteSubnet\",\n        \"ec2:DeleteTags\",\n        \"ec2:DeleteVolume\",\n        \"ec2:DeleteVpc\",\n        \"ec2:DescribeAvailabilityZones\",\n        \"ec2:DescribeNetworkAcls\",\n        \"ec2:DescribeInternetGateways\",\n        \"ec2:DescribeVpcAttribute\",\n        \"ec2:DescribeIamInstanceProfileAssociations\",\n        \"ec2:DescribeInstanceStatus\",\n        \"ec2:DescribeInstances\",\n        \"ec2:DescribePrefixLists\",\n        \"ec2:DescribeReservedInstancesOfferings\",\n        \"ec2:DescribeRouteTables\",\n        \"ec2:DescribeSecurityGroups\",\n        \"ec2:DescribeSpotInstanceRequests\",\n        \"ec2:DescribeSpotPriceHistory\",\n        \"ec2:DescribeSubnets\",\n        \"ec2:DescribeVolumes\",\n        \"ec2:DescribeVpcs\",\n        \"ec2:DetachInternetGateway\",\n        \"ec2:DisassociateIamInstanceProfile\",\n        \"ec2:ModifyVpcAttribute\",\n        \"ec2:ReplaceIamInstanceProfileAssociation\",\n        \"ec2:RequestSpotInstances\",\n        \"ec2:RevokeSecurityGroupEgress\",\n        \"ec2:RevokeSecurityGroupIngress\",\n        \"ec2:RunInstances\",\n        \"ec2:TerminateInstances\",\n        \"ec2:CreatePlacementGroup\",\n        \"ec2:DeletePlacementGroup\",\n        \"ec2:DescribePlacementGroups\",\n        \"ec2:AllocateAddress\",\n        \"ec2:CreateNatGateway\",\n        \"ec2:CreateRouteTable\",\n        \"ec2:CreateVpcEndpoint\",\n        \"ec2:DeleteDhcpOptions\",\n        \"ec2:DeleteNatGateway\",\n        \"ec2:DeleteVpcEndpoints\",\n        \"ec2:DescribeNatGateways\",\n        \"ec2:DisassociateRouteTable\",\n        \"ec2:ReleaseAddress\",\n        \"ec2:DetachVolume\"\n      ],\n      \"Resource\": \"*\"\n    },\n    {\n      \"Effect\": \"Allow\",\n      \"Action\": [\n        \"iam:CreateServiceLinkedRole\",\n        \"iam:PutRolePolicy\"\n      ],\n      \"Resource\": \"arn:aws:iam::*:role/aws-service-role/spot.amazonaws.com/AWSServiceRoleForEC2Spot\",\n      \"Condition\": {\n        \"StringLike\": {\n          \"iam:AWSServiceName\": \"spot.amazonaws.com\"\n        }\n      }\n    }\n  ]\n}"
              }
            ],
            "managed_policy_arns": [],
            "max_session_duration": 3600,
            "name": "demo-poe480-crossaccount",
            "name_prefix": null,
            "path": "/",
            "permissions_boundary": null,
            "tags": {},
            "tags_all": {},
            "unique_id": "AROAUYIF6DEFMVG4MW6KV"
          },
          "sensitive_attributes": [],
          "private": "bnVsbA==",
          "dependencies": [
            "data.databricks_aws_assume_role_policy.this",
            "random_string.naming"
          ]
        }
      ]
    },
    {
      "mode": "managed",
      "type": "aws_iam_role_policy",
      "name": "this",
      "provider": "provider[\"registry.terraform.io/hashicorp/aws\"]",
      "instances": [
        {
          "schema_version": 0,
          "attributes": {
            "id": "demo-poe480-crossaccount:demo-poe480-policy",
            "name": "demo-poe480-policy",
            "name_prefix": null,
            "policy": "{\n  \"Version\": \"2012-10-17\",\n  \"Statement\": [\n    {\n      \"Effect\": \"Allow\",\n      \"Action\": [\n        \"ec2:AssociateDhcpOptions\",\n        \"ec2:AssociateIamInstanceProfile\",\n        \"ec2:AssociateRouteTable\",\n        \"ec2:AttachInternetGateway\",\n        \"ec2:AttachVolume\",\n        \"ec2:AuthorizeSecurityGroupEgress\",\n        \"ec2:AuthorizeSecurityGroupIngress\",\n        \"ec2:CancelSpotInstanceRequests\",\n        \"ec2:CreateDhcpOptions\",\n        \"ec2:CreateInternetGateway\",\n        \"ec2:CreateKeyPair\",\n        \"ec2:CreateRoute\",\n        \"ec2:CreateSecurityGroup\",\n        \"ec2:CreateSubnet\",\n        \"ec2:CreateTags\",\n        \"ec2:CreateVolume\",\n        \"ec2:CreateVpc\",\n        \"ec2:DeleteInternetGateway\",\n        \"ec2:DeleteKeyPair\",\n        \"ec2:DeleteRoute\",\n        \"ec2:DeleteRouteTable\",\n        \"ec2:DeleteSecurityGroup\",\n        \"ec2:DeleteSubnet\",\n        \"ec2:DeleteTags\",\n        \"ec2:DeleteVolume\",\n        \"ec2:DeleteVpc\",\n        \"ec2:DescribeAvailabilityZones\",\n        \"ec2:DescribeNetworkAcls\",\n        \"ec2:DescribeInternetGateways\",\n        \"ec2:DescribeVpcAttribute\",\n        \"ec2:DescribeIamInstanceProfileAssociations\",\n        \"ec2:DescribeInstanceStatus\",\n        \"ec2:DescribeInstances\",\n        \"ec2:DescribePrefixLists\",\n        \"ec2:DescribeReservedInstancesOfferings\",\n        \"ec2:DescribeRouteTables\",\n        \"ec2:DescribeSecurityGroups\",\n        \"ec2:DescribeSpotInstanceRequests\",\n        \"ec2:DescribeSpotPriceHistory\",\n        \"ec2:DescribeSubnets\",\n        \"ec2:DescribeVolumes\",\n        \"ec2:DescribeVpcs\",\n        \"ec2:DetachInternetGateway\",\n        \"ec2:DisassociateIamInstanceProfile\",\n        \"ec2:ModifyVpcAttribute\",\n        \"ec2:ReplaceIamInstanceProfileAssociation\",\n        \"ec2:RequestSpotInstances\",\n        \"ec2:RevokeSecurityGroupEgress\",\n        \"ec2:RevokeSecurityGroupIngress\",\n        \"ec2:RunInstances\",\n        \"ec2:TerminateInstances\",\n        \"ec2:CreatePlacementGroup\",\n        \"ec2:DeletePlacementGroup\",\n        \"ec2:DescribePlacementGroups\",\n        \"ec2:AllocateAddress\",\n        \"ec2:CreateNatGateway\",\n        \"ec2:CreateRouteTable\",\n        \"ec2:CreateVpcEndpoint\",\n        \"ec2:DeleteDhcpOptions\",\n        \"ec2:DeleteNatGateway\",\n        \"ec2:DeleteVpcEndpoints\",\n        \"ec2:DescribeNatGateways\",\n        \"ec2:DisassociateRouteTable\",\n        \"ec2:ReleaseAddress\",\n        \"ec2:DetachVolume\"\n      ],\n      \"Resource\": \"*\"\n    },\n    {\n      \"Effect\": \"Allow\",\n      \"Action\": [\n        \"iam:CreateServiceLinkedRole\",\n        \"iam:PutRolePolicy\"\n      ],\n      \"Resource\": \"arn:aws:iam::*:role/aws-service-role/spot.amazonaws.com/AWSServiceRoleForEC2Spot\",\n      \"Condition\": {\n        \"StringLike\": {\n          \"iam:AWSServiceName\": \"spot.amazonaws.com\"\n        }\n      }\n    }\n  ]\n}",
            "role": "demo-poe480-crossaccount"
          },
          "sensitive_attributes": [],
          "private": "bnVsbA==",
          "dependencies": [
            "aws_iam_role.cross_account_role",
            "data.databricks_aws_assume_role_policy.this",
            "data.databricks_aws_crossaccount_policy.this",
            "random_string.naming"
          ]
        }
      ]
    },
    {
      "mode": "managed",
      "type": "aws_s3_bucket",
      "name": "root_storage_bucket",
      "provider": "provider[\"registry.terraform.io/hashicorp/aws\"]",
      "instances": [
        {
          "schema_version": 0,
          "attributes": {
            "acceleration_status": "",
            "acl": "private",
            "arn": "arn:aws:s3:::demo-poe480-rootbucket",
            "bucket": "demo-poe480-rootbucket",
            "bucket_domain_name": "demo-poe480-rootbucket.s3.amazonaws.com",
            "bucket_prefix": null,
            "bucket_regional_domain_name": "demo-poe480-rootbucket.s3.amazonaws.com",
            "cors_rule": [],
            "force_destroy": true,
            "grant": [],
            "hosted_zone_id": "Z3AQBSTGFYJSTF",
            "id": "demo-poe480-rootbucket",
            "lifecycle_rule": [],
            "logging": [],
            "object_lock_configuration": [],
            "policy": null,
            "region": "us-east-1",
            "replication_configuration": [],
            "request_payer": "BucketOwner",
            "server_side_encryption_configuration": [],
            "tags": {
              "Name": "demo-poe480-rootbucket"
            },
            "tags_all": {
              "Name": "demo-poe480-rootbucket"
            },
            "versioning": [
              {
                "enabled": false,
                "mfa_delete": false
              }
            ],
            "website": [],
            "website_domain": null,
            "website_endpoint": null
          },
          "sensitive_attributes": [],
          "private": "bnVsbA==",
          "dependencies": [
            "random_string.naming"
          ]
        }
      ]
    },
    {
      "mode": "managed",
      "type": "aws_s3_bucket_policy",
      "name": "root_bucket_policy",
      "provider": "provider[\"registry.terraform.io/hashicorp/aws\"]",
      "instances": [
        {
          "schema_version": 0,
          "attributes": {
            "bucket": "demo-poe480-rootbucket",
            "id": "demo-poe480-rootbucket",
            "policy": "{\"Version\":\"2012-10-17\",\"Statement\":[{\"Effect\":\"Allow\",\"Principal\":{\"AWS\":\"arn:aws:iam::414351767826:root\"},\"Action\":[\"s3:GetObject\",\"s3:GetObjectVersion\",\"s3:PutObject\",\"s3:DeleteObject\",\"s3:ListBucket\",\"s3:GetBucketLocation\"],\"Resource\":[\"arn:aws:s3:::demo-poe480-rootbucket/*\",\"arn:aws:s3:::demo-poe480-rootbucket\"]}]}"
          },
          "sensitive_attributes": [],
          "private": "bnVsbA==",
          "dependencies": [
            "aws_s3_bucket.root_storage_bucket",
            "aws_s3_bucket_public_access_block.root_storage_bucket",
            "data.databricks_aws_bucket_policy.this",
            "random_string.naming"
          ]
        }
      ]
    },
    {
      "mode": "managed",
      "type": "aws_s3_bucket_public_access_block",
      "name": "root_storage_bucket",
      "provider": "provider[\"registry.terraform.io/hashicorp/aws\"]",
      "instances": [
        {
          "schema_version": 0,
          "attributes": {
            "block_public_acls": false,
            "block_public_policy": false,
            "bucket": "demo-poe480-rootbucket",
            "id": "demo-poe480-rootbucket",
            "ignore_public_acls": true,
            "restrict_public_buckets": false
          },
          "sensitive_attributes": [],
          "private": "bnVsbA==",
          "dependencies": [
            "aws_s3_bucket.root_storage_bucket",
            "random_string.naming"
          ]
        }
      ]
    },
    {
      "mode": "managed",
      "type": "databricks_mws_credentials",
      "name": "this",
      "provider": "provider[\"registry.terraform.io/databricks/databricks\"].mws",
      "instances": [
        {
          "schema_version": 0,
          "attributes": {
            "account_id": "9fa0fdc2-a528-467f-80ce-fdf2feb8739b",
            "creation_time": 1656343839064,
            "credentials_id": "2d692cef-f733-4185-84aa-ddd09e3d0519",
            "credentials_name": "demo-poe480-creds",
            "external_id": "9fa0fdc2-a528-467f-80ce-fdf2feb8739b",
            "id": "9fa0fdc2-a528-467f-80ce-fdf2feb8739b/2d692cef-f733-4185-84aa-ddd09e3d0519",
            "role_arn": "arn:aws:iam::326966843658:role/demo-poe480-crossaccount"
          },
          "sensitive_attributes": [],
          "private": "bnVsbA==",
          "dependencies": [
            "aws_iam_role.cross_account_role",
            "aws_iam_role_policy.this",
            "data.databricks_aws_assume_role_policy.this",
            "data.databricks_aws_crossaccount_policy.this",
            "random_string.naming"
          ]
        }
      ]
    },
    {
      "mode": "managed",
      "type": "databricks_mws_networks",
      "name": "this",
      "provider": "provider[\"registry.terraform.io/databricks/databricks\"].mws",
      "instances": [
        {
          "schema_version": 0,
          "attributes": {
            "account_id": "9fa0fdc2-a528-467f-80ce-fdf2feb8739b",
            "creation_time": 1656343838568,
            "error_messages": [],
            "id": "9fa0fdc2-a528-467f-80ce-fdf2feb8739b/689b4998-40eb-411f-b47e-b8afa57edfdd",
            "network_id": "689b4998-40eb-411f-b47e-b8afa57edfdd",
            "network_name": "demo-poe480-network",
            "security_group_ids": [
              "sg-056357798b8732866"
            ],
            "subnet_ids": [
              "subnet-013d72df7b7b936ff",
              "subnet-0dbd19f6bd9c866e4"
            ],
            "vpc_endpoints": [],
            "vpc_id": "vpc-0b79b85d5dbc1de3d",
            "vpc_status": "UNATTACHED",
            "workspace_id": 0
          },
          "sensitive_attributes": [],
          "private": "bnVsbA==",
          "dependencies": [
            "data.aws_availability_zones.available",
            "module.vpc.aws_subnet.private",
            "module.vpc.aws_vpc.this",
            "module.vpc.aws_vpc_ipv4_cidr_block_association.this",
            "random_string.naming"
          ]
        }
      ]
    },
    {
      "mode": "managed",
      "type": "databricks_mws_storage_configurations",
      "name": "this",
      "provider": "provider[\"registry.terraform.io/databricks/databricks\"].mws",
      "instances": [
        {
          "schema_version": 0,
          "attributes": {
            "account_id": "9fa0fdc2-a528-467f-80ce-fdf2feb8739b",
            "bucket_name": "demo-poe480-rootbucket",
            "creation_time": 1656343838643,
            "id": "9fa0fdc2-a528-467f-80ce-fdf2feb8739b/60bc65e2-fbba-4b0a-9736-c256cfd75232",
            "storage_configuration_id": "60bc65e2-fbba-4b0a-9736-c256cfd75232",
            "storage_configuration_name": "demo-poe480-storage"
          },
          "sensitive_attributes": [],
          "private": "bnVsbA==",
          "dependencies": [
            "aws_s3_bucket.root_storage_bucket",
            "random_string.naming"
          ]
        }
      ]
    },
    {
      "mode": "managed",
      "type": "random_string",
      "name": "naming",
      "provider": "provider[\"registry.terraform.io/hashicorp/random\"]",
      "instances": [
        {
          "schema_version": 2,
          "attributes": {
            "id": "poe480",
            "keepers": null,
            "length": 6,
            "lower": true,
            "min_lower": 0,
            "min_numeric": 0,
            "min_special": 0,
            "min_upper": 0,
            "number": true,
            "numeric": true,
            "override_special": null,
            "result": "poe480",
            "special": false,
            "upper": false
          },
          "sensitive_attributes": [],
          "private": "eyJzY2hlbWFfdmVyc2lvbiI6IjIifQ=="
        }
      ]
    },
    {
      "module": "module.vpc",
      "mode": "managed",
      "type": "aws_default_security_group",
      "name": "this",
      "provider": "provider[\"registry.terraform.io/hashicorp/aws\"]",
      "instances": [
        {
          "index_key": 0,
          "schema_version": 1,
          "attributes": {
            "arn": "arn:aws:ec2:us-east-1:326966843658:security-group/sg-056357798b8732866",
            "description": "default VPC security group",
            "egress": [
              {
                "cidr_blocks": [
                  "0.0.0.0/0"
                ],
                "description": "",
                "from_port": 0,
                "ipv6_cidr_blocks": [],
                "prefix_list_ids": [],
                "protocol": "-1",
                "security_groups": [],
                "self": false,
                "to_port": 0
              }
            ],
            "id": "sg-056357798b8732866",
            "ingress": [
              {
                "cidr_blocks": [],
                "description": "Allow all internal TCP and UDP",
                "from_port": 0,
                "ipv6_cidr_blocks": [],
                "prefix_list_ids": [],
                "protocol": "-1",
                "security_groups": [],
                "self": true,
                "to_port": 0
              }
            ],
            "name": "default",
            "owner_id": "326966843658",
            "revoke_rules_on_delete": false,
            "tags": {
              "Name": "demo-poe480-sg"
            },
            "tags_all": {
              "Name": "demo-poe480-sg"
            },
            "vpc_id": "vpc-0b79b85d5dbc1de3d"
          },
          "sensitive_attributes": [],
          "private": "eyJzY2hlbWFfdmVyc2lvbiI6IjEifQ==",
          "dependencies": [
            "module.vpc.aws_vpc.this",
            "random_string.naming"
          ]
        }
      ]
    },
    {
      "module": "module.vpc",
      "mode": "managed",
      "type": "aws_eip",
      "name": "nat",
      "provider": "provider[\"registry.terraform.io/hashicorp/aws\"]",
      "instances": [
        {
          "index_key": 0,
          "schema_version": 0,
          "attributes": {
            "address": null,
            "allocation_id": null,
            "associate_with_private_ip": null,
            "association_id": "eipassoc-012948170774c96fd",
            "carrier_ip": "",
            "customer_owned_ip": "",
            "customer_owned_ipv4_pool": "",
            "domain": "vpc",
            "id": "eipalloc-078cb7b6448aacfa9",
            "instance": "",
            "network_border_group": "us-east-1",
            "network_interface": "eni-0ff95abe89a1f9133",
            "private_dns": "ip-10-4-27-219.ec2.internal",
            "private_ip": "10.4.27.219",
            "public_dns": "ec2-34-204-63-91.compute-1.amazonaws.com",
            "public_ip": "34.204.63.91",
            "public_ipv4_pool": "amazon",
            "tags": {
              "Name": "demo-poe480-us-east-1a"
            },
            "tags_all": {
              "Name": "demo-poe480-us-east-1a"
            },
            "timeouts": null,
            "vpc": true
          },
          "sensitive_attributes": [],
          "private": "eyJlMmJmYjczMC1lY2FhLTExZTYtOGY4OC0zNDM2M2JjN2M0YzAiOnsiZGVsZXRlIjoxODAwMDAwMDAwMDAsInJlYWQiOjkwMDAwMDAwMDAwMCwidXBkYXRlIjozMDAwMDAwMDAwMDB9fQ==",
          "dependencies": [
            "data.aws_availability_zones.available",
            "random_string.naming"
          ]
        }
      ]
    },
    {
      "module": "module.vpc",
      "mode": "managed",
      "type": "aws_internet_gateway",
      "name": "this",
      "provider": "provider[\"registry.terraform.io/hashicorp/aws\"]",
      "instances": [
        {
          "index_key": 0,
          "schema_version": 0,
          "attributes": {
            "arn": "arn:aws:ec2:us-east-1:326966843658:internet-gateway/igw-018782698953a998a",
            "id": "igw-018782698953a998a",
            "owner_id": "326966843658",
            "tags": {
              "Name": "demo-poe480"
            },
            "tags_all": {
              "Name": "demo-poe480"
            },
            "vpc_id": "vpc-0b79b85d5dbc1de3d"
          },
          "sensitive_attributes": [],
          "private": "bnVsbA==",
          "dependencies": [
            "module.vpc.aws_vpc.this",
            "module.vpc.aws_vpc_ipv4_cidr_block_association.this",
            "random_string.naming"
          ]
        }
      ]
    },
    {
      "module": "module.vpc",
      "mode": "managed",
      "type": "aws_nat_gateway",
      "name": "this",
      "provider": "provider[\"registry.terraform.io/hashicorp/aws\"]",
      "instances": [
        {
          "index_key": 0,
          "schema_version": 0,
          "attributes": {
            "allocation_id": "eipalloc-078cb7b6448aacfa9",
            "connectivity_type": "public",
            "id": "nat-0ee5dd38ba642f5ee",
            "network_interface_id": "eni-0ff95abe89a1f9133",
            "private_ip": "10.4.27.219",
            "public_ip": "34.204.63.91",
            "subnet_id": "subnet-0ff57fd540148ef42",
            "tags": {
              "Name": "demo-poe480-us-east-1a"
            },
            "tags_all": {
              "Name": "demo-poe480-us-east-1a"
            }
          },
          "sensitive_attributes": [],
          "private": "bnVsbA==",
          "dependencies": [
            "data.aws_availability_zones.available",
            "module.vpc.aws_eip.nat",
            "module.vpc.aws_internet_gateway.this",
            "module.vpc.aws_subnet.public",
            "module.vpc.aws_vpc.this",
            "module.vpc.aws_vpc_ipv4_cidr_block_association.this",
            "random_string.naming"
          ]
        }
      ]
    },
    {
      "module": "module.vpc",
      "mode": "managed",
      "type": "aws_route",
      "name": "private_nat_gateway",
      "provider": "provider[\"registry.terraform.io/hashicorp/aws\"]",
      "instances": [
        {
          "index_key": 0,
          "schema_version": 0,
          "attributes": {
            "carrier_gateway_id": "",
            "destination_cidr_block": "0.0.0.0/0",
            "destination_ipv6_cidr_block": "",
            "destination_prefix_list_id": "",
            "egress_only_gateway_id": "",
            "gateway_id": "",
            "id": "r-rtb-097d875de2de3590b1080289494",
            "instance_id": "",
            "instance_owner_id": "",
            "local_gateway_id": "",
            "nat_gateway_id": "nat-0ee5dd38ba642f5ee",
            "network_interface_id": "",
            "origin": "CreateRoute",
            "route_table_id": "rtb-097d875de2de3590b",
            "state": "active",
            "timeouts": {
              "create": "5m",
              "delete": null
            },
            "transit_gateway_id": "",
            "vpc_endpoint_id": "",
            "vpc_peering_connection_id": ""
          },
          "sensitive_attributes": [],
          "private": "eyJlMmJmYjczMC1lY2FhLTExZTYtOGY4OC0zNDM2M2JjN2M0YzAiOnsiY3JlYXRlIjozMDAwMDAwMDAwMDAsImRlbGV0ZSI6MzAwMDAwMDAwMDAwfX0=",
          "dependencies": [
            "data.aws_availability_zones.available",
            "module.vpc.aws_eip.nat",
            "module.vpc.aws_internet_gateway.this",
            "module.vpc.aws_nat_gateway.this",
            "module.vpc.aws_route_table.private",
            "module.vpc.aws_subnet.public",
            "module.vpc.aws_vpc.this",
            "module.vpc.aws_vpc_ipv4_cidr_block_association.this",
            "random_string.naming"
          ]
        }
      ]
    },
    {
      "module": "module.vpc",
      "mode": "managed",
      "type": "aws_route",
      "name": "public_internet_gateway",
      "provider": "provider[\"registry.terraform.io/hashicorp/aws\"]",
      "instances": [
        {
          "index_key": 0,
          "schema_version": 0,
          "attributes": {
            "carrier_gateway_id": "",
            "destination_cidr_block": "0.0.0.0/0",
            "destination_ipv6_cidr_block": "",
            "destination_prefix_list_id": "",
            "egress_only_gateway_id": "",
            "gateway_id": "igw-018782698953a998a",
            "id": "r-rtb-0f886a7410a25cacc1080289494",
            "instance_id": "",
            "instance_owner_id": "",
            "local_gateway_id": "",
            "nat_gateway_id": "",
            "network_interface_id": "",
            "origin": "CreateRoute",
            "route_table_id": "rtb-0f886a7410a25cacc",
            "state": "active",
            "timeouts": {
              "create": "5m",
              "delete": null
            },
            "transit_gateway_id": "",
            "vpc_endpoint_id": "",
            "vpc_peering_connection_id": ""
          },
          "sensitive_attributes": [],
          "private": "eyJlMmJmYjczMC1lY2FhLTExZTYtOGY4OC0zNDM2M2JjN2M0YzAiOnsiY3JlYXRlIjozMDAwMDAwMDAwMDAsImRlbGV0ZSI6MzAwMDAwMDAwMDAwfX0=",
          "dependencies": [
            "module.vpc.aws_internet_gateway.this",
            "module.vpc.aws_route_table.public",
            "module.vpc.aws_vpc.this",
            "module.vpc.aws_vpc_ipv4_cidr_block_association.this",
            "random_string.naming"
          ]
        }
      ]
    },
    {
      "module": "module.vpc",
      "mode": "managed",
      "type": "aws_route_table",
      "name": "private",
      "provider": "provider[\"registry.terraform.io/hashicorp/aws\"]",
      "instances": [
        {
          "index_key": 0,
          "schema_version": 0,
          "attributes": {
            "arn": "arn:aws:ec2:us-east-1:326966843658:route-table/rtb-097d875de2de3590b",
            "id": "rtb-097d875de2de3590b",
            "owner_id": "326966843658",
            "propagating_vgws": [],
            "route": [
              {
                "carrier_gateway_id": "",
                "cidr_block": "0.0.0.0/0",
                "destination_prefix_list_id": "",
                "egress_only_gateway_id": "",
                "gateway_id": "",
                "instance_id": "",
                "ipv6_cidr_block": "",
                "local_gateway_id": "",
                "nat_gateway_id": "nat-0ee5dd38ba642f5ee",
                "network_interface_id": "",
                "transit_gateway_id": "",
                "vpc_endpoint_id": "",
                "vpc_peering_connection_id": ""
              }
            ],
            "tags": {
              "Name": "demo-poe480-private"
            },
            "tags_all": {
              "Name": "demo-poe480-private"
            },
            "vpc_id": "vpc-0b79b85d5dbc1de3d"
          },
          "sensitive_attributes": [],
          "private": "bnVsbA==",
          "dependencies": [
            "data.aws_availability_zones.available",
            "module.vpc.aws_vpc.this",
            "module.vpc.aws_vpc_ipv4_cidr_block_association.this",
            "random_string.naming"
          ]
        }
      ]
    },
    {
      "module": "module.vpc",
      "mode": "managed",
      "type": "aws_route_table",
      "name": "public",
      "provider": "provider[\"registry.terraform.io/hashicorp/aws\"]",
      "instances": [
        {
          "index_key": 0,
          "schema_version": 0,
          "attributes": {
            "arn": "arn:aws:ec2:us-east-1:326966843658:route-table/rtb-0f886a7410a25cacc",
            "id": "rtb-0f886a7410a25cacc",
            "owner_id": "326966843658",
            "propagating_vgws": [],
            "route": [
              {
                "carrier_gateway_id": "",
                "cidr_block": "0.0.0.0/0",
                "destination_prefix_list_id": "",
                "egress_only_gateway_id": "",
                "gateway_id": "igw-018782698953a998a",
                "instance_id": "",
                "ipv6_cidr_block": "",
                "local_gateway_id": "",
                "nat_gateway_id": "",
                "network_interface_id": "",
                "transit_gateway_id": "",
                "vpc_endpoint_id": "",
                "vpc_peering_connection_id": ""
              }
            ],
            "tags": {
              "Name": "demo-poe480-public"
            },
            "tags_all": {
              "Name": "demo-poe480-public"
            },
            "vpc_id": "vpc-0b79b85d5dbc1de3d"
          },
          "sensitive_attributes": [],
          "private": "bnVsbA==",
          "dependencies": [
            "module.vpc.aws_vpc.this",
            "module.vpc.aws_vpc_ipv4_cidr_block_association.this",
            "random_string.naming"
          ]
        }
      ]
    },
    {
      "module": "module.vpc",
      "mode": "managed",
      "type": "aws_route_table_association",
      "name": "private",
      "provider": "provider[\"registry.terraform.io/hashicorp/aws\"]",
      "instances": [
        {
          "index_key": 0,
          "schema_version": 0,
          "attributes": {
            "gateway_id": "",
            "id": "rtbassoc-0b76227bb9de5282e",
            "route_table_id": "rtb-097d875de2de3590b",
            "subnet_id": "subnet-0dbd19f6bd9c866e4"
          },
          "sensitive_attributes": [],
          "private": "bnVsbA==",
          "dependencies": [
            "data.aws_availability_zones.available",
            "module.vpc.aws_route_table.private",
            "module.vpc.aws_subnet.private",
            "module.vpc.aws_vpc.this",
            "module.vpc.aws_vpc_ipv4_cidr_block_association.this",
            "random_string.naming"
          ]
        },
        {
          "index_key": 1,
          "schema_version": 0,
          "attributes": {
            "gateway_id": "",
            "id": "rtbassoc-0b413ec3dd3c690c6",
            "route_table_id": "rtb-097d875de2de3590b",
            "subnet_id": "subnet-013d72df7b7b936ff"
          },
          "sensitive_attributes": [],
          "private": "bnVsbA==",
          "dependencies": [
            "data.aws_availability_zones.available",
            "module.vpc.aws_route_table.private",
            "module.vpc.aws_subnet.private",
            "module.vpc.aws_vpc.this",
            "module.vpc.aws_vpc_ipv4_cidr_block_association.this",
            "random_string.naming"
          ]
        }
      ]
    },
    {
      "module": "module.vpc",
      "mode": "managed",
      "type": "aws_route_table_association",
      "name": "public",
      "provider": "provider[\"registry.terraform.io/hashicorp/aws\"]",
      "instances": [
        {
          "index_key": 0,
          "schema_version": 0,
          "attributes": {
            "gateway_id": "",
            "id": "rtbassoc-04ee330ad9f79ac2b",
            "route_table_id": "rtb-0f886a7410a25cacc",
            "subnet_id": "subnet-0ff57fd540148ef42"
          },
          "sensitive_attributes": [],
          "private": "bnVsbA==",
          "dependencies": [
            "data.aws_availability_zones.available",
            "module.vpc.aws_route_table.public",
            "module.vpc.aws_subnet.public",
            "module.vpc.aws_vpc.this",
            "module.vpc.aws_vpc_ipv4_cidr_block_association.this",
            "random_string.naming"
          ]
        }
      ]
    },
    {
      "module": "module.vpc",
      "mode": "managed",
      "type": "aws_subnet",
      "name": "private",
      "provider": "provider[\"registry.terraform.io/hashicorp/aws\"]",
      "instances": [
        {
          "index_key": 0,
          "schema_version": 1,
          "attributes": {
            "arn": "arn:aws:ec2:us-east-1:326966843658:subnet/subnet-0dbd19f6bd9c866e4",
            "assign_ipv6_address_on_creation": false,
            "availability_zone": "us-east-1a",
            "availability_zone_id": "use1-az6",
            "cidr_block": "10.4.32.0/19",
            "customer_owned_ipv4_pool": "",
            "id": "subnet-0dbd19f6bd9c866e4",
            "ipv6_cidr_block": "",
            "ipv6_cidr_block_association_id": "",
            "map_customer_owned_ip_on_launch": false,
            "map_public_ip_on_launch": false,
            "outpost_arn": "",
            "owner_id": "326966843658",
            "tags": {
              "Name": "demo-poe480-private-us-east-1a"
            },
            "tags_all": {
              "Name": "demo-poe480-private-us-east-1a"
            },
            "timeouts": null,
            "vpc_id": "vpc-0b79b85d5dbc1de3d"
          },
          "sensitive_attributes": [],
          "private": "eyJlMmJmYjczMC1lY2FhLTExZTYtOGY4OC0zNDM2M2JjN2M0YzAiOnsiY3JlYXRlIjo2MDAwMDAwMDAwMDAsImRlbGV0ZSI6MTIwMDAwMDAwMDAwMH0sInNjaGVtYV92ZXJzaW9uIjoiMSJ9",
          "dependencies": [
            "data.aws_availability_zones.available",
            "module.vpc.aws_vpc.this",
            "module.vpc.aws_vpc_ipv4_cidr_block_association.this",
            "random_string.naming"
          ]
        },
        {
          "index_key": 1,
          "schema_version": 1,
          "attributes": {
            "arn": "arn:aws:ec2:us-east-1:326966843658:subnet/subnet-013d72df7b7b936ff",
            "assign_ipv6_address_on_creation": false,
            "availability_zone": "us-east-1b",
            "availability_zone_id": "use1-az1",
            "cidr_block": "10.4.64.0/19",
            "customer_owned_ipv4_pool": "",
            "id": "subnet-013d72df7b7b936ff",
            "ipv6_cidr_block": "",
            "ipv6_cidr_block_association_id": "",
            "map_customer_owned_ip_on_launch": false,
            "map_public_ip_on_launch": false,
            "outpost_arn": "",
            "owner_id": "326966843658",
            "tags": {
              "Name": "demo-poe480-private-us-east-1b"
            },
            "tags_all": {
              "Name": "demo-poe480-private-us-east-1b"
            },
            "timeouts": null,
            "vpc_id": "vpc-0b79b85d5dbc1de3d"
          },
          "sensitive_attributes": [],
          "private": "eyJlMmJmYjczMC1lY2FhLTExZTYtOGY4OC0zNDM2M2JjN2M0YzAiOnsiY3JlYXRlIjo2MDAwMDAwMDAwMDAsImRlbGV0ZSI6MTIwMDAwMDAwMDAwMH0sInNjaGVtYV92ZXJzaW9uIjoiMSJ9",
          "dependencies": [
            "data.aws_availability_zones.available",
            "module.vpc.aws_vpc.this",
            "module.vpc.aws_vpc_ipv4_cidr_block_association.this",
            "random_string.naming"
          ]
        }
      ]
    },
    {
      "module": "module.vpc",
      "mode": "managed",
      "type": "aws_subnet",
      "name": "public",
      "provider": "provider[\"registry.terraform.io/hashicorp/aws\"]",
      "instances": [
        {
          "index_key": 0,
          "schema_version": 1,
          "attributes": {
            "arn": "arn:aws:ec2:us-east-1:326966843658:subnet/subnet-0ff57fd540148ef42",
            "assign_ipv6_address_on_creation": false,
            "availability_zone": "us-east-1a",
            "availability_zone_id": "use1-az6",
            "cidr_block": "10.4.0.0/19",
            "customer_owned_ipv4_pool": "",
            "id": "subnet-0ff57fd540148ef42",
            "ipv6_cidr_block": "",
            "ipv6_cidr_block_association_id": "",
            "map_customer_owned_ip_on_launch": false,
            "map_public_ip_on_launch": true,
            "outpost_arn": "",
            "owner_id": "326966843658",
            "tags": {
              "Name": "demo-poe480-public-us-east-1a"
            },
            "tags_all": {
              "Name": "demo-poe480-public-us-east-1a"
            },
            "timeouts": null,
            "vpc_id": "vpc-0b79b85d5dbc1de3d"
          },
          "sensitive_attributes": [],
          "private": "eyJlMmJmYjczMC1lY2FhLTExZTYtOGY4OC0zNDM2M2JjN2M0YzAiOnsiY3JlYXRlIjo2MDAwMDAwMDAwMDAsImRlbGV0ZSI6MTIwMDAwMDAwMDAwMH0sInNjaGVtYV92ZXJzaW9uIjoiMSJ9",
          "dependencies": [
            "data.aws_availability_zones.available",
            "module.vpc.aws_vpc.this",
            "module.vpc.aws_vpc_ipv4_cidr_block_association.this",
            "random_string.naming"
          ]
        }
      ]
    },
    {
      "module": "module.vpc",
      "mode": "managed",
      "type": "aws_vpc",
      "name": "this",
      "provider": "provider[\"registry.terraform.io/hashicorp/aws\"]",
      "instances": [
        {
          "index_key": 0,
          "schema_version": 1,
          "attributes": {
            "arn": "arn:aws:ec2:us-east-1:326966843658:vpc/vpc-0b79b85d5dbc1de3d",
            "assign_generated_ipv6_cidr_block": false,
            "cidr_block": "10.4.0.0/16",
            "default_network_acl_id": "acl-0904c6a85193e19c7",
            "default_route_table_id": "rtb-0fc68334956402297",
            "default_security_group_id": "sg-056357798b8732866",
            "dhcp_options_id": "dopt-0ff137a7f3f799824",
            "enable_classiclink": false,
            "enable_classiclink_dns_support": false,
            "enable_dns_hostnames": true,
            "enable_dns_support": true,
            "id": "vpc-0b79b85d5dbc1de3d",
            "instance_tenancy": "default",
            "ipv6_association_id": "",
            "ipv6_cidr_block": "",
            "main_route_table_id": "rtb-0fc68334956402297",
            "owner_id": "326966843658",
            "tags": {
              "Name": "demo-poe480"
            },
            "tags_all": {
              "Name": "demo-poe480"
            }
          },
          "sensitive_attributes": [],
          "private": "eyJzY2hlbWFfdmVyc2lvbiI6IjEifQ==",
          "dependencies": [
            "random_string.naming"
          ]
        }
      ]
    },
    {
      "module": "module.vpc_endpoints",
      "mode": "data",
      "type": "aws_vpc_endpoint_service",
      "name": "this",
      "provider": "provider[\"registry.terraform.io/hashicorp/aws\"]",
      "instances": [
        {
          "index_key": "kinesis-streams",
          "schema_version": 0,
          "attributes": {
            "acceptance_required": false,
            "arn": "arn:aws:ec2:us-east-1:326966843658:vpc-endpoint-service/vpce-svc-01018959de28a5c59",
            "availability_zones": [
              "us-east-1a",
              "us-east-1b",
              "us-east-1c",
              "us-east-1d",
              "us-east-1e",
              "us-east-1f"
            ],
            "base_endpoint_dns_names": [
              "kinesis.us-east-1.vpce.amazonaws.com"
            ],
            "filter": [
              {
                "name": "service-type",
                "values": [
                  "Interface"
                ]
              }
            ],
            "id": "1015240081",
            "manages_vpc_endpoints": false,
            "owner": "amazon",
            "private_dns_name": "kinesis.us-east-1.amazonaws.com",
            "service": "kinesis-streams",
            "service_id": "vpce-svc-01018959de28a5c59",
            "service_name": "com.amazonaws.us-east-1.kinesis-streams",
            "service_type": "Interface",
            "tags": {},
            "vpc_endpoint_policy_supported": true
          },
          "sensitive_attributes": []
        },
        {
          "index_key": "s3",
          "schema_version": 0,
          "attributes": {
            "acceptance_required": false,
            "arn": "arn:aws:ec2:us-east-1:326966843658:vpc-endpoint-service/vpce-svc-0aa7c06513d4872d5",
            "availability_zones": [
              "us-east-1a",
              "us-east-1b",
              "us-east-1c",
              "us-east-1d",
              "us-east-1e",
              "us-east-1f"
            ],
            "base_endpoint_dns_names": [
              "s3.us-east-1.amazonaws.com"
            ],
            "filter": [
              {
                "name": "service-type",
                "values": [
                  "Gateway"
                ]
              }
            ],
            "id": "195798706",
            "manages_vpc_endpoints": false,
            "owner": "amazon",
            "private_dns_name": "",
            "service": "s3",
            "service_id": "vpce-svc-0aa7c06513d4872d5",
            "service_name": "com.amazonaws.us-east-1.s3",
            "service_type": "Gateway",
            "tags": {},
            "vpc_endpoint_policy_supported": true
          },
          "sensitive_attributes": []
        },
        {
          "index_key": "sts",
          "schema_version": 0,
          "attributes": {
            "acceptance_required": false,
            "arn": "arn:aws:ec2:us-east-1:326966843658:vpc-endpoint-service/vpce-svc-0fea2b65f0eeb838b",
            "availability_zones": [
              "us-east-1a",
              "us-east-1b",
              "us-east-1c",
              "us-east-1d",
              "us-east-1e",
              "us-east-1f"
            ],
            "base_endpoint_dns_names": [
              "sts.us-east-1.vpce.amazonaws.com"
            ],
            "filter": [
              {
                "name": "service-type",
                "values": [
                  "Interface"
                ]
              }
            ],
            "id": "2169663439",
            "manages_vpc_endpoints": false,
            "owner": "amazon",
            "private_dns_name": "sts.us-east-1.amazonaws.com",
            "service": "sts",
            "service_id": "vpce-svc-0fea2b65f0eeb838b",
            "service_name": "com.amazonaws.us-east-1.sts",
            "service_type": "Interface",
            "tags": {},
            "vpc_endpoint_policy_supported": true
          },
          "sensitive_attributes": []
        }
      ]
    },
    {
      "module": "module.vpc_endpoints",
      "mode": "managed",
      "type": "aws_vpc_endpoint",
      "name": "this",
      "provider": "provider[\"registry.terraform.io/hashicorp/aws\"]",
      "instances": [
        {
          "index_key": "kinesis-streams",
          "schema_version": 0,
          "attributes": {
            "arn": "arn:aws:ec2:us-east-1:326966843658:vpc-endpoint/vpce-07319bd21fd6f589b",
            "auto_accept": null,
            "cidr_blocks": [],
            "dns_entry": [
              {
                "dns_name": "vpce-07319bd21fd6f589b-ncvzxtzc.kinesis.us-east-1.vpce.amazonaws.com",
                "hosted_zone_id": "Z7HUB22UULQXV"
              },
              {
                "dns_name": "vpce-07319bd21fd6f589b-ncvzxtzc-us-east-1b.kinesis.us-east-1.vpce.amazonaws.com",
                "hosted_zone_id": "Z7HUB22UULQXV"
              },
              {
                "dns_name": "vpce-07319bd21fd6f589b-ncvzxtzc-us-east-1a.kinesis.us-east-1.vpce.amazonaws.com",
                "hosted_zone_id": "Z7HUB22UULQXV"
              },
              {
                "dns_name": "kinesis.us-east-1.amazonaws.com",
                "hosted_zone_id": "Z04501481CHQB5NKTWET3"
              }
            ],
            "id": "vpce-07319bd21fd6f589b",
            "network_interface_ids": [
              "eni-032f4b2c41c74846d",
              "eni-03765e5468d32527c"
            ],
            "owner_id": "326966843658",
            "policy": "{\"Statement\":[{\"Action\":\"*\",\"Effect\":\"Allow\",\"Principal\":\"*\",\"Resource\":\"*\"}]}",
            "prefix_list_id": null,
            "private_dns_enabled": true,
            "requester_managed": false,
            "route_table_ids": [],
            "security_group_ids": [
              "sg-056357798b8732866"
            ],
            "service_name": "com.amazonaws.us-east-1.kinesis-streams",
            "state": "available",
            "subnet_ids": [
              "subnet-013d72df7b7b936ff",
              "subnet-0dbd19f6bd9c866e4"
            ],
            "tags": {
              "Name": "demo-poe480-kinesis-vpc-endpoint"
            },
            "tags_all": {
              "Name": "demo-poe480-kinesis-vpc-endpoint"
            },
            "timeouts": {
              "create": "10m",
              "delete": "10m",
              "update": "10m"
            },
            "vpc_endpoint_type": "Interface",
            "vpc_id": "vpc-0b79b85d5dbc1de3d"
          },
          "sensitive_attributes": [],
          "private": "eyJlMmJmYjczMC1lY2FhLTExZTYtOGY4OC0zNDM2M2JjN2M0YzAiOnsiY3JlYXRlIjo2MDAwMDAwMDAwMDAsImRlbGV0ZSI6NjAwMDAwMDAwMDAwLCJ1cGRhdGUiOjYwMDAwMDAwMDAwMH19",
          "dependencies": [
            "data.aws_availability_zones.available",
            "module.vpc.aws_route_table.private",
            "module.vpc.aws_route_table.public",
            "module.vpc.aws_subnet.private",
            "module.vpc.aws_vpc.this",
            "module.vpc.aws_vpc_ipv4_cidr_block_association.this",
            "module.vpc_endpoints.data.aws_vpc_endpoint_service.this",
            "random_string.naming"
          ]
        },
        {
          "index_key": "s3",
          "schema_version": 0,
          "attributes": {
            "arn": "arn:aws:ec2:us-east-1:326966843658:vpc-endpoint/vpce-02cce26a4141f8050",
            "auto_accept": null,
            "cidr_blocks": [
              "18.34.0.0/19",
              "52.216.0.0/15",
              "54.231.0.0/16",
              "3.5.0.0/19",
              "18.34.232.0/21"
            ],
            "dns_entry": [],
            "id": "vpce-02cce26a4141f8050",
            "network_interface_ids": [],
            "owner_id": "326966843658",
            "policy": "{\"Statement\":[{\"Action\":\"*\",\"Effect\":\"Allow\",\"Principal\":\"*\",\"Resource\":\"*\"}],\"Version\":\"2008-10-17\"}",
            "prefix_list_id": "pl-63a5400a",
            "private_dns_enabled": false,
            "requester_managed": false,
            "route_table_ids": [
              "rtb-097d875de2de3590b",
              "rtb-0f886a7410a25cacc"
            ],
            "security_group_ids": [],
            "service_name": "com.amazonaws.us-east-1.s3",
            "state": "available",
            "subnet_ids": [],
            "tags": {
              "Name": "demo-poe480-s3-vpc-endpoint"
            },
            "tags_all": {
              "Name": "demo-poe480-s3-vpc-endpoint"
            },
            "timeouts": {
              "create": "10m",
              "delete": "10m",
              "update": "10m"
            },
            "vpc_endpoint_type": "Gateway",
            "vpc_id": "vpc-0b79b85d5dbc1de3d"
          },
          "sensitive_attributes": [],
          "private": "eyJlMmJmYjczMC1lY2FhLTExZTYtOGY4OC0zNDM2M2JjN2M0YzAiOnsiY3JlYXRlIjo2MDAwMDAwMDAwMDAsImRlbGV0ZSI6NjAwMDAwMDAwMDAwLCJ1cGRhdGUiOjYwMDAwMDAwMDAwMH19",
          "dependencies": [
            "data.aws_availability_zones.available",
            "module.vpc.aws_route_table.private",
            "module.vpc.aws_route_table.public",
            "module.vpc.aws_subnet.private",
            "module.vpc.aws_vpc.this",
            "module.vpc.aws_vpc_ipv4_cidr_block_association.this",
            "module.vpc_endpoints.data.aws_vpc_endpoint_service.this",
            "random_string.naming"
          ]
        },
        {
          "index_key": "sts",
          "schema_version": 0,
          "attributes": {
            "arn": "arn:aws:ec2:us-east-1:326966843658:vpc-endpoint/vpce-0cea784e4f3ab8ac1",
            "auto_accept": null,
            "cidr_blocks": [],
            "dns_entry": [
              {
                "dns_name": "vpce-0cea784e4f3ab8ac1-dgcc4pyo.sts.us-east-1.vpce.amazonaws.com",
                "hosted_zone_id": "Z7HUB22UULQXV"
              },
              {
                "dns_name": "vpce-0cea784e4f3ab8ac1-dgcc4pyo-us-east-1a.sts.us-east-1.vpce.amazonaws.com",
                "hosted_zone_id": "Z7HUB22UULQXV"
              },
              {
                "dns_name": "vpce-0cea784e4f3ab8ac1-dgcc4pyo-us-east-1b.sts.us-east-1.vpce.amazonaws.com",
                "hosted_zone_id": "Z7HUB22UULQXV"
              },
              {
                "dns_name": "sts.us-east-1.amazonaws.com",
                "hosted_zone_id": "Z04346983VF0HO8S9GN2D"
              }
            ],
            "id": "vpce-0cea784e4f3ab8ac1",
            "network_interface_ids": [
              "eni-009bb68d8ec49f7f4",
              "eni-0d055865ff6e8ba1b"
            ],
            "owner_id": "326966843658",
            "policy": "{\"Statement\":[{\"Action\":\"*\",\"Effect\":\"Allow\",\"Principal\":\"*\",\"Resource\":\"*\"}]}",
            "prefix_list_id": null,
            "private_dns_enabled": true,
            "requester_managed": false,
            "route_table_ids": [],
            "security_group_ids": [
              "sg-056357798b8732866"
            ],
            "service_name": "com.amazonaws.us-east-1.sts",
            "state": "available",
            "subnet_ids": [
              "subnet-013d72df7b7b936ff",
              "subnet-0dbd19f6bd9c866e4"
            ],
            "tags": {
              "Name": "demo-poe480-sts-vpc-endpoint"
            },
            "tags_all": {
              "Name": "demo-poe480-sts-vpc-endpoint"
            },
            "timeouts": {
              "create": "10m",
              "delete": "10m",
              "update": "10m"
            },
            "vpc_endpoint_type": "Interface",
            "vpc_id": "vpc-0b79b85d5dbc1de3d"
          },
          "sensitive_attributes": [],
          "private": "eyJlMmJmYjczMC1lY2FhLTExZTYtOGY4OC0zNDM2M2JjN2M0YzAiOnsiY3JlYXRlIjo2MDAwMDAwMDAwMDAsImRlbGV0ZSI6NjAwMDAwMDAwMDAwLCJ1cGRhdGUiOjYwMDAwMDAwMDAwMH19",
          "dependencies": [
            "data.aws_availability_zones.available",
            "module.vpc.aws_route_table.private",
            "module.vpc.aws_route_table.public",
            "module.vpc.aws_subnet.private",
            "module.vpc.aws_vpc.this",
            "module.vpc.aws_vpc_ipv4_cidr_block_association.this",
            "module.vpc_endpoints.data.aws_vpc_endpoint_service.this",
            "random_string.naming"
          ]
        }
      ]
    }
  ]
}
